
Microsoft Visual Studio Solution File, Format Version 12.00
# Visual Studio Version 16
VisualStudioVersion = 16.0.29519.181
MinimumVisualStudioVersion = 10.0.40219.1
Project("{FAE04EC0-301F-11D3-BF4B-00C04F79EFBC}") = "BowlingScores", "src\BowlingScores.csproj", "{AC3FFDDE-CEAE-44AE-BB7A-3F407F04C51F}"
EndProject
Project("{FAE04EC0-301F-11D3-BF4B-00C04F79EFBC}") = "Tests", "Tests\Tests.csproj", "{A6D3363E-3F2B-42AA-A847-C4F99C24DFBB}"
EndProject
Global
	GlobalSection(SolutionConfigurationPlatforms) = preSolution
		Debug|Any CPU = Debug|Any CPU
		Release|Any CPU = Release|Any CPU
	EndGlobalSection
	GlobalSection(ProjectConfigurationPlatforms) = postSolution
		{AC3FFDDE-CEAE-44AE-BB7A-3F407F04C51F}.Debug|Any CPU.ActiveCfg = Debug|Any CPU
		{AC3FFDDE-CEAE-44AE-BB7A-3F407F04C51F}.Debug|Any CPU.Build.0 = Debug|Any CPU
		{AC3FFDDE-CEAE-44AE-BB7A-3F407F04C51F}.Release|Any CPU.ActiveCfg = Release|Any CPU
		{AC3FFDDE-CEAE-44AE-BB7A-3F407F04C51F}.Release|Any CPU.Build.0 = Release|Any CPU
		{A6D3363E-3F2B-42AA-A847-C4F99C24DFBB}.Debug|Any CPU.ActiveCfg = Debug|Any CPU
		{A6D3363E-3F2B-42AA-A847-C4F99C24DFBB}.Debug|Any CPU.Build.0 = Debug|Any CPU
		{A6D3363E-3F2B-42AA-A847-C4F99C24DFBB}.Release|Any CPU.ActiveCfg = Release|Any CPU
		{A6D3363E-3F2B-42AA-A847-C4F99C24DFBB}.Release|Any CPU.Build.0 = Release|Any CPU
	EndGlobalSection
	GlobalSection(SolutionProperties) = preSolution
		HideSolutionNode = FALSE
	EndGlobalSection
	GlobalSection(ExtensibilityGlobals) = postSolution
		SolutionGuid = {C377D68A-6444-4545-B191-478A1D14FBD3}
	EndGlobalSection
EndGlobal
